# generated by rye
# use `rye lock` or `rye sync` to update this lockfile
#
# last locked with the following flags:
#   pre: false
#   features: []
#   all-features: false
#   with-sources: false
#   generate-hashes: false

accelerate==0.31.0
    # via whisper-grpc-server
aiohttp==3.9.5
    # via datasets
    # via fsspec
aiosignal==1.3.1
    # via aiohttp
annotated-types==0.7.0
    # via pydantic
attrs==23.2.0
    # via aiohttp
av==12.1.0
    # via faster-whisper
certifi==2024.6.2
    # via requests
charset-normalizer==3.3.2
    # via requests
coloredlogs==15.0.1
    # via onnxruntime
ctranslate2==4.3.1
    # via faster-whisper
datasets==2.20.0
    # via whisper-grpc-server
dill==0.3.8
    # via datasets
    # via multiprocess
faster-whisper==1.0.2
    # via whisper-grpc-server
filelock==3.15.4
    # via datasets
    # via huggingface-hub
    # via torch
    # via transformers
flatbuffers==24.3.25
    # via onnxruntime
frozenlist==1.4.1
    # via aiohttp
    # via aiosignal
fsspec==2024.5.0
    # via datasets
    # via huggingface-hub
    # via torch
grpcio==1.64.1
    # via grpcio-tools
    # via whisper-grpc-server
grpcio-tools==1.64.1
    # via whisper-grpc-server
huggingface-hub==0.23.4
    # via accelerate
    # via datasets
    # via faster-whisper
    # via tokenizers
    # via transformers
humanfriendly==10.0
    # via coloredlogs
idna==3.7
    # via requests
    # via yarl
jinja2==3.1.4
    # via torch
markupsafe==2.1.5
    # via jinja2
mpmath==1.3.0
    # via sympy
multidict==6.0.5
    # via aiohttp
    # via yarl
multiprocess==0.70.16
    # via datasets
networkx==3.3
    # via torch
numpy==2.0.0
    # via accelerate
    # via ctranslate2
    # via datasets
    # via onnxruntime
    # via pandas
    # via pyarrow
    # via transformers
onnxruntime==1.18.0
    # via faster-whisper
packaging==24.1
    # via accelerate
    # via datasets
    # via huggingface-hub
    # via onnxruntime
    # via transformers
pandas==2.2.2
    # via datasets
protobuf==5.27.1
    # via grpcio-tools
    # via onnxruntime
psutil==6.0.0
    # via accelerate
pyarrow==16.1.0
    # via datasets
pyarrow-hotfix==0.6
    # via datasets
pydantic==2.7.4
    # via whisper-grpc-server
pydantic-core==2.18.4
    # via pydantic
python-dateutil==2.9.0.post0
    # via pandas
pytz==2024.1
    # via pandas
pyyaml==6.0.1
    # via accelerate
    # via ctranslate2
    # via datasets
    # via huggingface-hub
    # via transformers
regex==2024.5.15
    # via transformers
requests==2.32.3
    # via datasets
    # via huggingface-hub
    # via transformers
safetensors==0.4.3
    # via accelerate
    # via transformers
setuptools==70.1.0
    # via ctranslate2
    # via grpcio-tools
six==1.16.0
    # via python-dateutil
sympy==1.12.1
    # via onnxruntime
    # via torch
tokenizers==0.19.1
    # via faster-whisper
    # via transformers
torch==2.3.1
    # via accelerate
tqdm==4.66.4
    # via datasets
    # via huggingface-hub
    # via transformers
transformers==4.41.2
    # via whisper-grpc-server
typing-extensions==4.12.2
    # via huggingface-hub
    # via pydantic
    # via pydantic-core
    # via torch
tzdata==2024.1
    # via pandas
urllib3==2.2.2
    # via requests
xxhash==3.4.1
    # via datasets
yarl==1.9.4
    # via aiohttp
